
Microsoft Visual Studio Solution File, Format Version 12.00
# Visual Studio 2013
VisualStudioVersion = 12.0.21005.1
MinimumVisualStudioVersion = 10.0.40219.1
Project("{FAE04EC0-301F-11D3-BF4B-00C04F79EFBC}") = "MvcApplication3", "MvcApplication3\MvcApplication3.csproj", "{3C4D3186-75A3-4722-8774-EE15B72AA874}"
EndProject
Global
	GlobalSection(SolutionConfigurationPlatforms) = preSolution
		Debug|Any CPU = Debug|Any CPU
		Release|Any CPU = Release|Any CPU
	EndGlobalSection
	GlobalSection(ProjectConfigurationPlatforms) = postSolution
		{3C4D3186-75A3-4722-8774-EE15B72AA874}.Debug|Any CPU.ActiveCfg = Debug|Any CPU
		{3C4D3186-75A3-4722-8774-EE15B72AA874}.Debug|Any CPU.Build.0 = Debug|Any CPU
		{3C4D3186-75A3-4722-8774-EE15B72AA874}.Release|Any CPU.ActiveCfg = Release|Any CPU
		{3C4D3186-75A3-4722-8774-EE15B72AA874}.Release|Any CPU.Build.0 = Release|Any CPU
	EndGlobalSection
	GlobalSection(SolutionProperties) = preSolution
		HideSolutionNode = FALSE
	EndGlobalSection
EndGlobal
